
Microsoft Visual Studio Solution File, Format Version 12.00
# Visual Studio Version 16
VisualStudioVersion = 16.0.31410.357
MinimumVisualStudioVersion = 10.0.40219.1
Project("{FAE04EC0-301F-11D3-BF4B-00C04F79EFBC}") = "MaternityWard", "MaternityWard\MaternityWard.csproj", "{A80183E8-4A7D-45E0-8F5B-57DBA778619F}"
EndProject
Global
	GlobalSection(SolutionConfigurationPlatforms) = preSolution
		Debug|Any CPU = Debug|Any CPU
		Release|Any CPU = Release|Any CPU
	EndGlobalSection
	GlobalSection(ProjectConfigurationPlatforms) = postSolution
		{A80183E8-4A7D-45E0-8F5B-57DBA778619F}.Debug|Any CPU.ActiveCfg = Debug|Any CPU
		{A80183E8-4A7D-45E0-8F5B-57DBA778619F}.Debug|Any CPU.Build.0 = Debug|Any CPU
		{A80183E8-4A7D-45E0-8F5B-57DBA778619F}.Release|Any CPU.ActiveCfg = Release|Any CPU
		{A80183E8-4A7D-45E0-8F5B-57DBA778619F}.Release|Any CPU.Build.0 = Release|Any CPU
	EndGlobalSection
	GlobalSection(SolutionProperties) = preSolution
		HideSolutionNode = FALSE
	EndGlobalSection
	GlobalSection(ExtensibilityGlobals) = postSolution
		SolutionGuid = {84043F38-5641-432A-B22C-33EEED58F09B}
	EndGlobalSection
EndGlobal
